
Microsoft Visual Studio Solution File, Format Version 12.00
Project("{FAE04EC0-301F-11D3-BF4B-00C04F79EFBC}") = "UnitTestRealWorld.Web", "UnitTestRealWorld.Web\UnitTestRealWorld.Web.csproj", "{C60E063D-919F-4787-800B-68AA332C25FE}"
EndProject
Global
	GlobalSection(SolutionConfigurationPlatforms) = preSolution
		Debug|Any CPU = Debug|Any CPU
		Release|Any CPU = Release|Any CPU
	EndGlobalSection
	GlobalSection(ProjectConfigurationPlatforms) = postSolution
		{C60E063D-919F-4787-800B-68AA332C25FE}.Debug|Any CPU.ActiveCfg = Debug|Any CPU
		{C60E063D-919F-4787-800B-68AA332C25FE}.Debug|Any CPU.Build.0 = Debug|Any CPU
		{C60E063D-919F-4787-800B-68AA332C25FE}.Release|Any CPU.ActiveCfg = Release|Any CPU
		{C60E063D-919F-4787-800B-68AA332C25FE}.Release|Any CPU.Build.0 = Release|Any CPU
	EndGlobalSection
EndGlobal
